{
  "name": "fiscaliq",
  "lockfileVersion": 3,
  "requires": true,
  "packages": {
***REMOVED***"": {
***REMOVED***  "dependencies": {
***REMOVED******REMOVED***"@supabase/supabase-js": "^2.104.0"
***REMOVED***  }
***REMOVED***},
***REMOVED***"node_modules/@supabase/auth-js": {
***REMOVED***  "version": "2.104.0",
***REMOVED***  "resolved": "https://registry.npmjs.org/@supabase/auth-js/-/auth-js-2.104.0.tgz",
***REMOVED***  "integrity": "sha512-Vs0ndL+s5an7rOmXtS/nbYnGXL8m+KXlCSrPIcw9bR96ma6qyLYILnE6syuM+rpDnf+Tg4PVNxNB2+oDwoy6mA==",
***REMOVED***  "license": "MIT",
***REMOVED***  "dependencies": {
***REMOVED******REMOVED***"tslib": "2.8.1"
***REMOVED***  },
***REMOVED***  "engines": {
***REMOVED******REMOVED***"node": ">=20.0.0"
***REMOVED***  }
***REMOVED***},
***REMOVED***"node_modules/@supabase/functions-js": {
***REMOVED***  "version": "2.104.0",
***REMOVED***  "resolved": "https://registry.npmjs.org/@supabase/functions-js/-/functions-js-2.104.0.tgz",
***REMOVED***  "integrity": "sha512-O8EyEz/RT1kfWhyJNpVc/VbLeBsohHGBVif/CI83zoMB+Iul/t/NIekH1/7RsH6kuO+b2D4wJhfiaW8Qr47sRg==",
***REMOVED***  "license": "MIT",
***REMOVED***  "dependencies": {
***REMOVED******REMOVED***"tslib": "2.8.1"
***REMOVED***  },
***REMOVED***  "engines": {
***REMOVED******REMOVED***"node": ">=20.0.0"
***REMOVED***  }
***REMOVED***},
***REMOVED***"node_modules/@supabase/phoenix": {
***REMOVED***  "version": "0.4.0",
***REMOVED***  "resolved": "https://registry.npmjs.org/@supabase/phoenix/-/phoenix-0.4.0.tgz",
***REMOVED***  "integrity": "sha512-RHSx8bHS02xwfHdAbX5Lpbo6PXbgyf7lTaXTlwtFDPwOIw64NnVRwFAXGojHhjtVYI+PEPNSWwkL90f4agN3bw==",
***REMOVED***  "license": "MIT"
***REMOVED***},
***REMOVED***"node_modules/@supabase/postgrest-js": {
***REMOVED***  "version": "2.104.0",
***REMOVED***  "resolved": "https://registry.npmjs.org/@supabase/postgrest-js/-/postgrest-js-2.104.0.tgz",
***REMOVED***  "integrity": "sha512-ynylEq6wduQEycj6pL3P+/yIfDQ+CTnBC5I6p+PzcAO2ybj9coAITVtMfboi+g/dacgMslN5MH73rXsRMB29+Q==",
***REMOVED***  "license": "MIT",
***REMOVED***  "dependencies": {
***REMOVED******REMOVED***"tslib": "2.8.1"
***REMOVED***  },
***REMOVED***  "engines": {
***REMOVED******REMOVED***"node": ">=20.0.0"
***REMOVED***  }
***REMOVED***},
***REMOVED***"node_modules/@supabase/realtime-js": {
***REMOVED***  "version": "2.104.0",
***REMOVED***  "resolved": "https://registry.npmjs.org/@supabase/realtime-js/-/realtime-js-2.104.0.tgz",
***REMOVED***  "integrity": "sha512-9fUVDoTVAhn7a79+AmEx+asUlRtf2yBrji7TQckcKn/WK4hvAA9Lia9er+lnhuz3WNiF1x6kkA4x7bRCJrU+KA==",
***REMOVED***  "license": "MIT",
***REMOVED***  "dependencies": {
***REMOVED******REMOVED***"@supabase/phoenix": "^0.4.0",
***REMOVED******REMOVED***"@types/ws": "^8.18.1",
***REMOVED******REMOVED***"tslib": "2.8.1",
***REMOVED******REMOVED***"ws": "^8.18.2"
***REMOVED***  },
***REMOVED***  "engines": {
***REMOVED******REMOVED***"node": ">=20.0.0"
***REMOVED***  }
***REMOVED***},
***REMOVED***"node_modules/@supabase/storage-js": {
***REMOVED***  "version": "2.104.0",
***REMOVED***  "resolved": "https://registry.npmjs.org/@supabase/storage-js/-/storage-js-2.104.0.tgz",
***REMOVED***  "integrity": "sha512-s2NHtuAWb9nldJ/fS62WnJE6edvCWn31rrO+FJKlAohs99qdVgtLegUReTU2H9WnZiQlVqaBtu386wt6/6lrRw==",
***REMOVED***  "license": "MIT",
***REMOVED***  "dependencies": {
***REMOVED******REMOVED***"iceberg-js": "^0.8.1",
***REMOVED******REMOVED***"tslib": "2.8.1"
***REMOVED***  },
***REMOVED***  "engines": {
***REMOVED******REMOVED***"node": ">=20.0.0"
***REMOVED***  }
***REMOVED***},
***REMOVED***"node_modules/@supabase/supabase-js": {
***REMOVED***  "version": "2.104.0",
***REMOVED***  "resolved": "https://registry.npmjs.org/@supabase/supabase-js/-/supabase-js-2.104.0.tgz",
***REMOVED***  "integrity": "sha512-hILwhIjCB53G31jlHUe73NDEmrXudcjcYlVRuvNfEhzf0gyFQaFf7j6rd1UGmYZkFMOg//DFE8Iy9ZbNEgosVw==",
***REMOVED***  "license": "MIT",
***REMOVED***  "dependencies": {
***REMOVED******REMOVED***"@supabase/auth-js": "2.104.0",
***REMOVED******REMOVED***"@supabase/functions-js": "2.104.0",
***REMOVED******REMOVED***"@supabase/postgrest-js": "2.104.0",
***REMOVED******REMOVED***"@supabase/realtime-js": "2.104.0",
***REMOVED******REMOVED***"@supabase/storage-js": "2.104.0"
***REMOVED***  },
***REMOVED***  "engines": {
***REMOVED******REMOVED***"node": ">=20.0.0"
***REMOVED***  }
***REMOVED***},
***REMOVED***"node_modules/@types/node": {
***REMOVED***  "version": "25.6.0",
***REMOVED***  "resolved": "https://registry.npmjs.org/@types/node/-/node-25.6.0.tgz",
***REMOVED***  "integrity": "sha512-+qIYRKdNYJwY3vRCZMdJbPLJAtGjQBudzZzdzwQYkEPQd+PJGixUL5QfvCLDaULoLv+RhT3LDkwEfKaAkgSmNQ==",
***REMOVED***  "license": "MIT",
***REMOVED***  "dependencies": {
***REMOVED******REMOVED***"undici-types": "~7.19.0"
***REMOVED***  }
***REMOVED***},
***REMOVED***"node_modules/@types/ws": {
***REMOVED***  "version": "8.18.1",
***REMOVED***  "resolved": "https://registry.npmjs.org/@types/ws/-/ws-8.18.1.tgz",
***REMOVED***  "integrity": "sha512-ThVF6DCVhA8kUGy+aazFQ4kXQ7E1Ty7A3ypFOe0IcJV8O/M511G99AW24irKrW56Wt44yG9+ij8FaqoBGkuBXg==",
***REMOVED***  "license": "MIT",
***REMOVED***  "dependencies": {
***REMOVED******REMOVED***"@types/node": "*"
***REMOVED***  }
***REMOVED***},
***REMOVED***"node_modules/iceberg-js": {
***REMOVED***  "version": "0.8.1",
***REMOVED***  "resolved": "https://registry.npmjs.org/iceberg-js/-/iceberg-js-0.8.1.tgz",
***REMOVED***  "integrity": "sha512-1dhVQZXhcHje7798IVM+xoo/1ZdVfzOMIc8/rgVSijRK38EDqOJoGula9N/8ZI5RD8QTxNQtK/Gozpr+qUqRRA==",
***REMOVED***  "license": "MIT",
***REMOVED***  "engines": {
***REMOVED******REMOVED***"node": ">=20.0.0"
***REMOVED***  }
***REMOVED***},
***REMOVED***"node_modules/tslib": {
***REMOVED***  "version": "2.8.1",
***REMOVED***  "resolved": "https://registry.npmjs.org/tslib/-/tslib-2.8.1.tgz",
***REMOVED***  "integrity": "sha512-oJFu94HQb+KVduSUQL7wnpmqnfmLsOA/nAh6b6EH0wCEoK0/mPeXU6c3wKDV83MkOuHPRHtSXKKU99IBazS/2w==",
***REMOVED***  "license": "0BSD"
***REMOVED***},
***REMOVED***"node_modules/undici-types": {
***REMOVED***  "version": "7.19.2",
***REMOVED***  "resolved": "https://registry.npmjs.org/undici-types/-/undici-types-7.19.2.tgz",
***REMOVED***  "integrity": "sha512-qYVnV5OEm2AW8cJMCpdV20CDyaN3g0AjDlOGf1OW4iaDEx8MwdtChUp4zu4H0VP3nDRF/8RKWH+IPp9uW0YGZg==",
***REMOVED***  "license": "MIT"
***REMOVED***},
***REMOVED***"node_modules/ws": {
***REMOVED***  "version": "8.20.0",
***REMOVED***  "resolved": "https://registry.npmjs.org/ws/-/ws-8.20.0.tgz",
***REMOVED***  "integrity": "sha512-sAt8BhgNbzCtgGbt2OxmpuryO63ZoDk/sqaB/znQm94T4fCEsy/yV+7CdC1kJhOU9lboAEU7R3kquuycDoibVA==",
***REMOVED***  "license": "MIT",
***REMOVED***  "engines": {
***REMOVED******REMOVED***"node": ">=10.0.0"
***REMOVED***  },
***REMOVED***  "peerDependencies": {
***REMOVED******REMOVED***"bufferutil": "^4.0.1",
***REMOVED******REMOVED***"utf-8-validate": ">=5.0.2"
***REMOVED***  },
***REMOVED***  "peerDependenciesMeta": {
***REMOVED******REMOVED***"bufferutil": {
***REMOVED******REMOVED***  "optional": true
***REMOVED******REMOVED***},
***REMOVED******REMOVED***"utf-8-validate": {
***REMOVED******REMOVED***  "optional": true
***REMOVED******REMOVED***}
***REMOVED***  }
***REMOVED***}
  }
}
